
Microsoft Visual Studio Solution File, Format Version 12.00
# Visual Studio Version 17
VisualStudioVersion = 17.8.34525.116
MinimumVisualStudioVersion = 10.0.40219.1
Project("{FAE04EC0-301F-11D3-BF4B-00C04F79EFBC}") = "rock,paper or scissor", "rock,paper or scissor\rock,paper or scissor.csproj", "{D4DD9CBF-A41F-43CB-A379-DFC57732074C}"
EndProject
Global
	GlobalSection(SolutionConfigurationPlatforms) = preSolution
		Debug|Any CPU = Debug|Any CPU
		Release|Any CPU = Release|Any CPU
	EndGlobalSection
	GlobalSection(ProjectConfigurationPlatforms) = postSolution
		{D4DD9CBF-A41F-43CB-A379-DFC57732074C}.Debug|Any CPU.ActiveCfg = Debug|Any CPU
		{D4DD9CBF-A41F-43CB-A379-DFC57732074C}.Debug|Any CPU.Build.0 = Debug|Any CPU
		{D4DD9CBF-A41F-43CB-A379-DFC57732074C}.Release|Any CPU.ActiveCfg = Release|Any CPU
		{D4DD9CBF-A41F-43CB-A379-DFC57732074C}.Release|Any CPU.Build.0 = Release|Any CPU
	EndGlobalSection
	GlobalSection(SolutionProperties) = preSolution
		HideSolutionNode = FALSE
	EndGlobalSection
	GlobalSection(ExtensibilityGlobals) = postSolution
		SolutionGuid = {4C99C208-EA9A-4A3A-88DA-D5B6B39F5118}
	EndGlobalSection
EndGlobal
